{
  "version": 4,
  "terraform_version": "1.15.8",
  "serial": 7,
  "lineage": "ab15e968-01fb-764b-46d2-527c5142b793",
  "outputs": {
    "admin_group_name": {
      "value": "Admins",
      "type": "string"
    },
    "client_id": {
      "value": "43941ot5ovq81ghqu1vtu0a29v",
      "type": "string"
    },
    "client_secret": {
      "value": "15st9e4blpj4i5jbk6mpod3ukcnrh3279thj1qi756qk6h725d1r",
      "type": "string",
      "sensitive": true
    },
    "gsi_name": {
      "value": "gsi_analysis_id",
      "type": "string"
    },
    "jwks_url": {
      "value": "https://cognito-idp.ap-southeast-1.amazonaws.com/ap-southeast-1_U9HDAr53a/.well-known/jwks.json",
      "type": "string"
    },
    "media_upload_bucket_name": {
      "value": "aeo-app-media-uploads",
      "type": "string"
    },
    "payments_gsi_name": {
      "value": "gsi_payment_intent_id",
      "type": "string"
    },
    "payments_table_arn": {
      "value": "arn:aws:dynamodb:ap-southeast-1:978606118148:table/apac_payments",
      "type": "string"
    },
    "payments_table_name": {
      "value": "apac_payments",
      "type": "string"
    },
    "table_arn": {
      "value": "arn:aws:dynamodb:ap-southeast-1:978606118148:table/apac_seo_analyses",
      "type": "string"
    },
    "table_name": {
      "value": "apac_seo_analyses",
      "type": "string"
    },
    "user_pool_arn": {
      "value": "arn:aws:cognito-idp:ap-southeast-1:978606118148:userpool/ap-southeast-1_U9HDAr53a",
      "type": "string"
    },
    "user_pool_id": {
      "value": "ap-southeast-1_U9HDAr53a",
      "type": "string"
    }
  },
  "resources": [
    {
      "mode": "managed",
      "type": "aws_cognito_user_group",
      "name": "admins",
      "provider": "provider[\"registry.terraform.io/hashicorp/aws\"]",
      "instances": [
        {
          "schema_version": 0,
          "attributes": {
            "description": "Full admin access to the app's admin panel — review/edit every user's social media calendars and blog posts, bypass payment. See core/security.py's require_admin.",
            "id": "ap-southeast-1_U9HDAr53a/Admins",
            "name": "Admins",
            "precedence": 1,
            "role_arn": "",
            "user_pool_id": "ap-southeast-1_U9HDAr53a"
          },
          "sensitive_attributes": [],
          "identity_schema_version": 0,
          "private": "bnVsbA==",
          "dependencies": [
            "aws_cognito_user_pool.main"
          ]
        }
      ]
    },
    {
      "mode": "managed",
      "type": "aws_cognito_user_pool",
      "name": "main",
      "provider": "provider[\"registry.terraform.io/hashicorp/aws\"]",
      "instances": [
        {
          "schema_version": 0,
          "attributes": {
            "account_recovery_setting": [
              {
                "recovery_mechanism": [
                  {
                    "name": "verified_email",
                    "priority": 1
                  },
                  {
                    "name": "verified_phone_number",
                    "priority": 2
                  }
                ]
              }
            ],
            "admin_create_user_config": [
              {
                "allow_admin_create_user_only": false,
                "invite_message_template": []
              }
            ],
            "alias_attributes": null,
            "arn": "arn:aws:cognito-idp:ap-southeast-1:978606118148:userpool/ap-southeast-1_U9HDAr53a",
            "auto_verified_attributes": [
              "email"
            ],
            "creation_date": "2026-09-22T03:58:06Z",
            "custom_domain": "",
            "deletion_protection": "INACTIVE",
            "device_configuration": [],
            "domain": "",
            "email_configuration": [
              {
                "configuration_set": "",
                "email_sending_account": "COGNITO_DEFAULT",
                "from_email_address": "",
                "reply_to_email_address": "",
                "source_arn": ""
              }
            ],
            "email_mfa_configuration": [],
            "email_verification_message": "Your verification code is {####}. It expires in 24 hours.",
            "email_verification_subject": "Your APAC Intel verification code",
            "endpoint": "cognito-idp.ap-southeast-1.amazonaws.com/ap-southeast-1_U9HDAr53a",
            "estimated_number_of_users": 0,
            "id": "ap-southeast-1_U9HDAr53a",
            "lambda_config": [],
            "last_modified_date": "2026-09-22T03:58:06Z",
            "mfa_configuration": "OFF",
            "name": "apac-seo-intelligence-pool",
            "password_policy": [
              {
                "minimum_length": 8,
                "password_history_size": 0,
                "require_lowercase": true,
                "require_numbers": true,
                "require_symbols": true,
                "require_uppercase": true,
                "temporary_password_validity_days": 7
              }
            ],
            "schema": [
              {
                "attribute_data_type": "String",
                "developer_only_attribute": false,
                "mutable": true,
                "name": "company_name",
                "number_attribute_constraints": [],
                "required": null,
                "string_attribute_constraints": [
                  {
                    "max_length": "200",
                    "min_length": "1"
                  }
                ]
              },
              {
                "attribute_data_type": "String",
                "developer_only_attribute": false,
                "mutable": true,
                "name": "country",
                "number_attribute_constraints": [],
                "required": null,
                "string_attribute_constraints": [
                  {
                    "max_length": "100",
                    "min_length": "2"
                  }
                ]
              },
              {
                "attribute_data_type": "String",
                "developer_only_attribute": false,
                "mutable": true,
                "name": "domain",
                "number_attribute_constraints": [],
                "required": null,
                "string_attribute_constraints": [
                  {
                    "max_length": "253",
                    "min_length": "1"
                  }
                ]
              },
              {
                "attribute_data_type": "String",
                "developer_only_attribute": null,
                "mutable": true,
                "name": "email",
                "number_attribute_constraints": [],
                "required": true,
                "string_attribute_constraints": [
                  {
                    "max_length": "254",
                    "min_length": "3"
                  }
                ]
              },
              {
                "attribute_data_type": "String",
                "developer_only_attribute": null,
                "mutable": true,
                "name": "name",
                "number_attribute_constraints": [],
                "required": true,
                "string_attribute_constraints": [
                  {
                    "max_length": "100",
                    "min_length": "1"
                  }
                ]
              }
            ],
            "sign_in_policy": [
              {
                "allowed_first_auth_factors": [
                  "PASSWORD"
                ]
              }
            ],
            "sms_authentication_message": "",
            "sms_configuration": [],
            "sms_verification_message": "",
            "software_token_mfa_configuration": [],
            "tags": {
              "ManagedBy": "terraform",
              "Project": "apac-seo-intelligence"
            },
            "tags_all": {
              "ManagedBy": "terraform",
              "Project": "apac-seo-intelligence"
            },
            "user_attribute_update_settings": [],
            "user_pool_add_ons": [
              {
                "advanced_security_additional_flows": [
                  {
                    "custom_auth_mode": "AUDIT"
                  }
                ],
                "advanced_security_mode": "ENFORCED"
              }
            ],
            "user_pool_tier": "PLUS",
            "username_attributes": [
              "email"
            ],
            "username_configuration": [],
            "verification_message_template": [
              {
                "default_email_option": "CONFIRM_WITH_CODE",
                "email_message": "Your verification code is {####}. It expires in 24 hours.",
                "email_message_by_link": "",
                "email_subject": "Your APAC Intel verification code",
                "email_subject_by_link": "",
                "sms_message": ""
              }
            ],
            "web_authn_configuration": []
          },
          "sensitive_attributes": [],
          "identity_schema_version": 0,
          "private": "bnVsbA=="
        }
      ]
    },
    {
      "mode": "managed",
      "type": "aws_cognito_user_pool_client",
      "name": "api",
      "provider": "provider[\"registry.terraform.io/hashicorp/aws\"]",
      "instances": [
        {
          "schema_version": 0,
          "attributes": {
            "access_token_validity": 60,
            "allowed_oauth_flows": [],
            "allowed_oauth_flows_user_pool_client": false,
            "allowed_oauth_scopes": [],
            "analytics_configuration": [],
            "auth_session_validity": 3,
            "callback_urls": [],
            "client_secret": "15st9e4blpj4i5jbk6mpod3ukcnrh3279thj1qi756qk6h725d1r",
            "default_redirect_uri": "",
            "enable_propagate_additional_user_context_data": false,
            "enable_token_revocation": true,
            "explicit_auth_flows": [
              "ALLOW_REFRESH_TOKEN_AUTH",
              "ALLOW_USER_PASSWORD_AUTH",
              "ALLOW_USER_SRP_AUTH"
            ],
            "generate_secret": true,
            "id": "43941ot5ovq81ghqu1vtu0a29v",
            "id_token_validity": 60,
            "logout_urls": [],
            "name": "apac-seo-intelligence-api-client",
            "prevent_user_existence_errors": "ENABLED",
            "read_attributes": [
              "custom:company_name",
              "custom:country",
              "custom:domain",
              "email",
              "name"
            ],
            "refresh_token_rotation": [],
            "refresh_token_validity": 30,
            "supported_identity_providers": [],
            "token_validity_units": [
              {
                "access_token": "minutes",
                "id_token": "minutes",
                "refresh_token": "days"
              }
            ],
            "user_pool_id": "ap-southeast-1_U9HDAr53a",
            "write_attributes": [
              "custom:company_name",
              "custom:country",
              "custom:domain",
              "email",
              "name"
            ]
          },
          "sensitive_attributes": [
            [
              {
                "type": "get_attr",
                "value": "client_secret"
              }
            ]
          ],
          "identity_schema_version": 0,
          "dependencies": [
            "aws_cognito_user_pool.main"
          ]
        }
      ]
    },
    {
      "mode": "managed",
      "type": "aws_dynamodb_table",
      "name": "apac_payments",
      "provider": "provider[\"registry.terraform.io/hashicorp/aws\"]",
      "instances": [
        {
          "schema_version": 1,
          "attributes": {
            "arn": "arn:aws:dynamodb:ap-southeast-1:978606118148:table/apac_payments",
            "attribute": [
              {
                "name": "PK",
                "type": "S"
              },
              {
                "name": "SK",
                "type": "S"
              },
              {
                "name": "payment_intent_id",
                "type": "S"
              }
            ],
            "billing_mode": "PAY_PER_REQUEST",
            "deletion_protection_enabled": false,
            "global_secondary_index": [
              {
                "hash_key": "payment_intent_id",
                "name": "gsi_payment_intent_id",
                "non_key_attributes": [],
                "on_demand_throughput": [],
                "projection_type": "ALL",
                "range_key": "",
                "read_capacity": 0,
                "write_capacity": 0
              }
            ],
            "hash_key": "PK",
            "id": "apac_payments",
            "import_table": [],
            "local_secondary_index": [],
            "name": "apac_payments",
            "on_demand_throughput": [],
            "point_in_time_recovery": [
              {
                "enabled": true,
                "recovery_period_in_days": 35
              }
            ],
            "range_key": "SK",
            "read_capacity": 0,
            "replica": [],
            "restore_date_time": null,
            "restore_source_name": null,
            "restore_source_table_arn": null,
            "restore_to_latest_time": null,
            "server_side_encryption": [
              {
                "enabled": true,
                "kms_key_arn": ""
              }
            ],
            "stream_arn": "",
            "stream_enabled": false,
            "stream_label": "",
            "stream_view_type": "",
            "table_class": "STANDARD",
            "tags": {
              "DataClass": "payments",
              "Environment": "production",
              "ManagedBy": "terraform",
              "Project": "apac-seo-intelligence"
            },
            "tags_all": {
              "DataClass": "payments",
              "Environment": "production",
              "ManagedBy": "terraform",
              "Project": "apac-seo-intelligence"
            },
            "timeouts": null,
            "ttl": [
              {
                "attribute_name": "",
                "enabled": false
              }
            ],
            "write_capacity": 0
          },
          "sensitive_attributes": [],
          "identity_schema_version": 0,
          "private": "eyJlMmJmYjczMC1lY2FhLTExZTYtOGY4OC0zNDM2M2JjN2M0YzAiOnsiY3JlYXRlIjoxODAwMDAwMDAwMDAwLCJkZWxldGUiOjYwMDAwMDAwMDAwMCwidXBkYXRlIjozNjAwMDAwMDAwMDAwfSwic2NoZW1hX3ZlcnNpb24iOiIxIn0="
        }
      ]
    },
    {
      "mode": "managed",
      "type": "aws_dynamodb_table",
      "name": "apac_seo",
      "provider": "provider[\"registry.terraform.io/hashicorp/aws\"]",
      "instances": [
        {
          "schema_version": 1,
          "attributes": {
            "arn": "arn:aws:dynamodb:ap-southeast-1:978606118148:table/apac_seo_analyses",
            "attribute": [
              {
                "name": "PK",
                "type": "S"
              },
              {
                "name": "SK",
                "type": "S"
              },
              {
                "name": "analysis_id",
                "type": "S"
              },
              {
                "name": "user_id",
                "type": "S"
              }
            ],
            "billing_mode": "PAY_PER_REQUEST",
            "deletion_protection_enabled": false,
            "global_secondary_index": [
              {
                "hash_key": "analysis_id",
                "name": "gsi_analysis_id",
                "non_key_attributes": [],
                "on_demand_throughput": [],
                "projection_type": "ALL",
                "range_key": "user_id",
                "read_capacity": 0,
                "write_capacity": 0
              }
            ],
            "hash_key": "PK",
            "id": "apac_seo_analyses",
            "import_table": [],
            "local_secondary_index": [],
            "name": "apac_seo_analyses",
            "on_demand_throughput": [],
            "point_in_time_recovery": [
              {
                "enabled": true,
                "recovery_period_in_days": 35
              }
            ],
            "range_key": "SK",
            "read_capacity": 0,
            "replica": [],
            "restore_date_time": null,
            "restore_source_name": null,
            "restore_source_table_arn": null,
            "restore_to_latest_time": null,
            "server_side_encryption": [
              {
                "enabled": true,
                "kms_key_arn": ""
              }
            ],
            "stream_arn": "",
            "stream_enabled": false,
            "stream_label": "",
            "stream_view_type": "",
            "table_class": "STANDARD",
            "tags": {
              "Environment": "production",
              "ManagedBy": "terraform",
              "Project": "apac-seo-intelligence"
            },
            "tags_all": {
              "Environment": "production",
              "ManagedBy": "terraform",
              "Project": "apac-seo-intelligence"
            },
            "timeouts": null,
            "ttl": [
              {
                "attribute_name": "expires_at",
                "enabled": true
              }
            ],
            "write_capacity": 0
          },
          "sensitive_attributes": [],
          "identity_schema_version": 0,
          "private": "eyJlMmJmYjczMC1lY2FhLTExZTYtOGY4OC0zNDM2M2JjN2M0YzAiOnsiY3JlYXRlIjoxODAwMDAwMDAwMDAwLCJkZWxldGUiOjYwMDAwMDAwMDAwMCwidXBkYXRlIjozNjAwMDAwMDAwMDAwfSwic2NoZW1hX3ZlcnNpb24iOiIxIn0="
        }
      ]
    }
  ],
  "check_results": null
}
